
Microsoft Visual Studio Solution File, Format Version 12.00
# Visual Studio Version 16
VisualStudioVersion = 16.0.31410.357
MinimumVisualStudioVersion = 10.0.40219.1
Project("{FAE04EC0-301F-11D3-BF4B-00C04F79EFBC}") = "Bai1", "Bai1\Bai1.csproj", "{4F9B2AA7-4863-42C1-8DE9-16D440951CC3}"
EndProject
Global
	GlobalSection(SolutionConfigurationPlatforms) = preSolution
		Debug|Any CPU = Debug|Any CPU
		Release|Any CPU = Release|Any CPU
	EndGlobalSection
	GlobalSection(ProjectConfigurationPlatforms) = postSolution
		{4F9B2AA7-4863-42C1-8DE9-16D440951CC3}.Debug|Any CPU.ActiveCfg = Debug|Any CPU
		{4F9B2AA7-4863-42C1-8DE9-16D440951CC3}.Debug|Any CPU.Build.0 = Debug|Any CPU
		{4F9B2AA7-4863-42C1-8DE9-16D440951CC3}.Release|Any CPU.ActiveCfg = Release|Any CPU
		{4F9B2AA7-4863-42C1-8DE9-16D440951CC3}.Release|Any CPU.Build.0 = Release|Any CPU
	EndGlobalSection
	GlobalSection(SolutionProperties) = preSolution
		HideSolutionNode = FALSE
	EndGlobalSection
	GlobalSection(ExtensibilityGlobals) = postSolution
		SolutionGuid = {2A2313B9-2DF9-4A04-B424-D565A81FEE32}
	EndGlobalSection
EndGlobal
